
Microsoft Visual Studio Solution File, Format Version 12.00
# Visual Studio Version 17
VisualStudioVersion = 17.5.002.0
MinimumVisualStudioVersion = 10.0.40219.1
Project("{9A19103F-16F7-4668-BE54-9A1E7A4F7556}") = "viajes", "viajes.csproj", "{2910D9F9-98D1-44A0-B589-C9983CBFB25A}"
EndProject
Global
	GlobalSection(SolutionConfigurationPlatforms) = preSolution
		Debug|Any CPU = Debug|Any CPU
		Release|Any CPU = Release|Any CPU
	EndGlobalSection
	GlobalSection(ProjectConfigurationPlatforms) = postSolution
		{2910D9F9-98D1-44A0-B589-C9983CBFB25A}.Debug|Any CPU.ActiveCfg = Debug|Any CPU
		{2910D9F9-98D1-44A0-B589-C9983CBFB25A}.Debug|Any CPU.Build.0 = Debug|Any CPU
		{2910D9F9-98D1-44A0-B589-C9983CBFB25A}.Release|Any CPU.ActiveCfg = Release|Any CPU
		{2910D9F9-98D1-44A0-B589-C9983CBFB25A}.Release|Any CPU.Build.0 = Release|Any CPU
	EndGlobalSection
	GlobalSection(SolutionProperties) = preSolution
		HideSolutionNode = FALSE
	EndGlobalSection
	GlobalSection(ExtensibilityGlobals) = postSolution
		SolutionGuid = {48606B39-AC01-44A7-B2D8-0EB7B3F870A1}
	EndGlobalSection
EndGlobal
